
Microsoft Visual Studio Solution File, Format Version 12.00
# Visual Studio Version 17
VisualStudioVersion = 17.14.36804.6
MinimumVisualStudioVersion = 10.0.40219.1
Project("{8BC9CEB8-8B4A-11D0-8D11-00A0C91BC942}") = "CyMediaDisTest", "CyMediaDisTest\CyMediaDisTest.vcxproj", "{F392A32B-9539-49B0-A0CF-B6E0FBAF4407}"
EndProject
Project("{8BC9CEB8-8B4A-11D0-8D11-00A0C91BC942}") = "CyMedia", "CyMedia\CyMedia.vcxproj", "{52077782-F739-44E3-ABDE-40765948B425}"
EndProject
Global
	GlobalSection(SolutionConfigurationPlatforms) = preSolution
		Debug|x64 = Debug|x64
		Release|x64 = Release|x64
	EndGlobalSection
	GlobalSection(ProjectConfigurationPlatforms) = postSolution
		{F392A32B-9539-49B0-A0CF-B6E0FBAF4407}.Debug|x64.ActiveCfg = Debug|x64
		{F392A32B-9539-49B0-A0CF-B6E0FBAF4407}.Debug|x64.Build.0 = Debug|x64
		{F392A32B-9539-49B0-A0CF-B6E0FBAF4407}.Release|x64.ActiveCfg = Release|x64
		{F392A32B-9539-49B0-A0CF-B6E0FBAF4407}.Release|x64.Build.0 = Release|x64
		{52077782-F739-44E3-ABDE-40765948B425}.Debug|x64.ActiveCfg = Debug|x64
		{52077782-F739-44E3-ABDE-40765948B425}.Debug|x64.Build.0 = Debug|x64
		{52077782-F739-44E3-ABDE-40765948B425}.Release|x64.ActiveCfg = Release|x64
		{52077782-F739-44E3-ABDE-40765948B425}.Release|x64.Build.0 = Release|x64
	EndGlobalSection
	GlobalSection(SolutionProperties) = preSolution
		HideSolutionNode = FALSE
	EndGlobalSection
	GlobalSection(ExtensibilityGlobals) = postSolution
		SolutionGuid = {C297BA9A-9652-4FB5-A3CF-40104ABB0FE3}
	EndGlobalSection
EndGlobal
